
Microsoft Visual Studio Solution File, Format Version 12.00
# Visual Studio Version 17
VisualStudioVersion = 17.3.32825.248
MinimumVisualStudioVersion = 10.0.40219.1
Project("{FAE04EC0-301F-11D3-BF4B-00C04F79EFBC}") = "Prakt2.3", "Prakt2.3\Prakt2.3.csproj", "{23682CCD-3B42-46EA-B4C6-2936D1A413AB}"
EndProject
Global
	GlobalSection(SolutionConfigurationPlatforms) = preSolution
		Debug|Any CPU = Debug|Any CPU
		Release|Any CPU = Release|Any CPU
	EndGlobalSection
	GlobalSection(ProjectConfigurationPlatforms) = postSolution
		{23682CCD-3B42-46EA-B4C6-2936D1A413AB}.Debug|Any CPU.ActiveCfg = Debug|Any CPU
		{23682CCD-3B42-46EA-B4C6-2936D1A413AB}.Debug|Any CPU.Build.0 = Debug|Any CPU
		{23682CCD-3B42-46EA-B4C6-2936D1A413AB}.Release|Any CPU.ActiveCfg = Release|Any CPU
		{23682CCD-3B42-46EA-B4C6-2936D1A413AB}.Release|Any CPU.Build.0 = Release|Any CPU
	EndGlobalSection
	GlobalSection(SolutionProperties) = preSolution
		HideSolutionNode = FALSE
	EndGlobalSection
	GlobalSection(ExtensibilityGlobals) = postSolution
		SolutionGuid = {7C7C048F-CA79-46CB-859F-3BB42492B018}
	EndGlobalSection
EndGlobal
